
Microsoft Visual Studio Solution File, Format Version 12.00
# Visual Studio Version 16
VisualStudioVersion = 16.0.30804.86
MinimumVisualStudioVersion = 10.0.40219.1
Project("{9A19103F-16F7-4668-BE54-9A1E7A4F7556}") = "Micke.BlazorBenchmark.WASM.Server", "Micke.BlazorBenchmark.WASM\Server\Micke.BlazorBenchmark.WASM.Server.csproj", "{CA4A68DF-7937-4066-8172-9882DE297968}"
EndProject
Project("{9A19103F-16F7-4668-BE54-9A1E7A4F7556}") = "Micke.BlazorBenchmark.WASM.Client", "Micke.BlazorBenchmark.WASM\Client\Micke.BlazorBenchmark.WASM.Client.csproj", "{D233FE17-6337-4909-AF54-E00DFC44942C}"
EndProject
Project("{9A19103F-16F7-4668-BE54-9A1E7A4F7556}") = "Micke.BlazorBenchmark.WASM.Shared", "Micke.BlazorBenchmark.WASM\Shared\Micke.BlazorBenchmark.WASM.Shared.csproj", "{F838349A-2247-4A0E-AFE2-1948DFCC6A1B}"
EndProject
Project("{9A19103F-16F7-4668-BE54-9A1E7A4F7556}") = "Micke.BlazorBenchmark.SERV", "Micke.BlazorBenchmark.SERV\Micke.BlazorBenchmark.SERV.csproj", "{E347A169-6497-4836-97D4-5B77DDC6AFDD}"
EndProject
Project("{9A19103F-16F7-4668-BE54-9A1E7A4F7556}") = "Micke.BlazorBenchmark.GeneralUI", "Micke.BlazorBenchmark.GeneralUI\Micke.BlazorBenchmark.GeneralUI.csproj", "{EF7D5400-9B48-4FA0-BA70-1C67BB57D9FB}"
EndProject
Project("{9A19103F-16F7-4668-BE54-9A1E7A4F7556}") = "Micke.BlazorBenchmark.Services", "Micke.BlazorBenchmark.Services\Micke.BlazorBenchmark.Services.csproj", "{77E670A0-40DE-4438-BD12-0EF4F80C9BBF}"
EndProject
Global
	GlobalSection(SolutionConfigurationPlatforms) = preSolution
		Debug|Any CPU = Debug|Any CPU
		Release|Any CPU = Release|Any CPU
	EndGlobalSection
	GlobalSection(ProjectConfigurationPlatforms) = postSolution
		{CA4A68DF-7937-4066-8172-9882DE297968}.Debug|Any CPU.ActiveCfg = Debug|Any CPU
		{CA4A68DF-7937-4066-8172-9882DE297968}.Debug|Any CPU.Build.0 = Debug|Any CPU
		{CA4A68DF-7937-4066-8172-9882DE297968}.Release|Any CPU.ActiveCfg = Release|Any CPU
		{CA4A68DF-7937-4066-8172-9882DE297968}.Release|Any CPU.Build.0 = Release|Any CPU
		{D233FE17-6337-4909-AF54-E00DFC44942C}.Debug|Any CPU.ActiveCfg = Debug|Any CPU
		{D233FE17-6337-4909-AF54-E00DFC44942C}.Debug|Any CPU.Build.0 = Debug|Any CPU
		{D233FE17-6337-4909-AF54-E00DFC44942C}.Release|Any CPU.ActiveCfg = Release|Any CPU
		{D233FE17-6337-4909-AF54-E00DFC44942C}.Release|Any CPU.Build.0 = Release|Any CPU
		{F838349A-2247-4A0E-AFE2-1948DFCC6A1B}.Debug|Any CPU.ActiveCfg = Debug|Any CPU
		{F838349A-2247-4A0E-AFE2-1948DFCC6A1B}.Debug|Any CPU.Build.0 = Debug|Any CPU
		{F838349A-2247-4A0E-AFE2-1948DFCC6A1B}.Release|Any CPU.ActiveCfg = Release|Any CPU
		{F838349A-2247-4A0E-AFE2-1948DFCC6A1B}.Release|Any CPU.Build.0 = Release|Any CPU
		{E347A169-6497-4836-97D4-5B77DDC6AFDD}.Debug|Any CPU.ActiveCfg = Debug|Any CPU
		{E347A169-6497-4836-97D4-5B77DDC6AFDD}.Debug|Any CPU.Build.0 = Debug|Any CPU
		{E347A169-6497-4836-97D4-5B77DDC6AFDD}.Release|Any CPU.ActiveCfg = Release|Any CPU
		{E347A169-6497-4836-97D4-5B77DDC6AFDD}.Release|Any CPU.Build.0 = Release|Any CPU
		{EF7D5400-9B48-4FA0-BA70-1C67BB57D9FB}.Debug|Any CPU.ActiveCfg = Debug|Any CPU
		{EF7D5400-9B48-4FA0-BA70-1C67BB57D9FB}.Debug|Any CPU.Build.0 = Debug|Any CPU
		{EF7D5400-9B48-4FA0-BA70-1C67BB57D9FB}.Release|Any CPU.ActiveCfg = Release|Any CPU
		{EF7D5400-9B48-4FA0-BA70-1C67BB57D9FB}.Release|Any CPU.Build.0 = Release|Any CPU
		{77E670A0-40DE-4438-BD12-0EF4F80C9BBF}.Debug|Any CPU.ActiveCfg = Debug|Any CPU
		{77E670A0-40DE-4438-BD12-0EF4F80C9BBF}.Debug|Any CPU.Build.0 = Debug|Any CPU
		{77E670A0-40DE-4438-BD12-0EF4F80C9BBF}.Release|Any CPU.ActiveCfg = Release|Any CPU
		{77E670A0-40DE-4438-BD12-0EF4F80C9BBF}.Release|Any CPU.Build.0 = Release|Any CPU
	EndGlobalSection
	GlobalSection(SolutionProperties) = preSolution
		HideSolutionNode = FALSE
	EndGlobalSection
	GlobalSection(ExtensibilityGlobals) = postSolution
		SolutionGuid = {D2E0783C-7272-4AD1-9C81-8CDC6612470F}
	EndGlobalSection
EndGlobal
